// !$*UTF8*$!
{
	archiveVersion = 1;
	classes = {
	};
	objectVersion = 46;
	objects = {

/* Begin PBXBuildFile section */
		37A085851A839516005F859A /* Foundation.framework in Frameworks */ = {isa = PBXBuildFile; fileRef = 37A085841A839516005F859A /* Foundation.framework */; };
		37A085871A839516005F859A /* CoreGraphics.framework in Frameworks */ = {isa = PBXBuildFile; fileRef = 37A085861A839516005F859A /* CoreGraphics.framework */; };
		37A085891A839516005F859A /* UIKit.framework in Frameworks */ = {isa = PBXBuildFile; fileRef = 37A085881A839516005F859A /* UIKit.framework */; };
		37A0858F1A839516005F859A /* InfoPlist.strings in Resources */ = {isa = PBXBuildFile; fileRef = 37A0858D1A839516005F859A /* InfoPlist.strings */; };
		37A085911A839516005F859A /* main.m in Sources */ = {isa = PBXBuildFile; fileRef = 37A085901A839516005F859A /* main.m */; };
		37A085951A839516005F859A /* Programming_DemoAppDelegate.m in Sources */ = {isa = PBXBuildFile; fileRef = 37A085941A839516005F859A /* Programming_DemoAppDelegate.m */; };
		37A085981A839516005F859A /* Main.storyboard in Resources */ = {isa = PBXBuildFile; fileRef = 37A085961A839516005F859A /* Main.storyboard */; };
		37A0859B1A839516005F859A /* Programming_DemoViewController.m in Sources */ = {isa = PBXBuildFile; fileRef = 37A0859A1A839516005F859A /* Programming_DemoViewController.m */; };
		37A0859D1A839516005F859A /* Images.xcassets in Resources */ = {isa = PBXBuildFile; fileRef = 37A0859C1A839516005F859A /* Images.xcassets */; };
		37A085A41A839516005F859A /* XCTest.framework in Frameworks */ = {isa = PBXBuildFile; fileRef = 37A085A31A839516005F859A /* XCTest.framework */; };
		37A085A51A839516005F859A /* Foundation.framework in Frameworks */ = {isa = PBXBuildFile; fileRef = 37A085841A839516005F859A /* Foundation.framework */; };
		37A085A61A839516005F859A /* UIKit.framework in Frameworks */ = {isa = PBXBuildFile; fileRef = 37A085881A839516005F859A /* UIKit.framework */; };
		37A085AE1A839516005F859A /* InfoPlist.strings in Resources */ = {isa = PBXBuildFile; fileRef = 37A085AC1A839516005F859A /* InfoPlist.strings */; };
		37A085B01A839516005F859A /* scrollviewTests.m in Sources */ = {isa = PBXBuildFile; fileRef = 37A085AF1A839516005F859A /* scrollviewTests.m */; };
/* End PBXBuildFile section */

/* Begin PBXContainerItemProxy section */
		37A085A71A839516005F859A /* PBXContainerItemProxy */ = {
			isa = PBXContainerItemProxy;
			containerPortal = 37A085791A839516005F859A /* Project object */;
			proxyType = 1;
			remoteGlobalIDString = 37A085801A839516005F859A;
			remoteInfo = scrollview;
		};
/* End PBXContainerItemProxy section */

/* Begin PBXFileReference section */
		37A085811A839516005F859A /* scrollview.app */ = {isa = PBXFileReference; explicitFileType = wrapper.application; includeInIndex = 0; path = scrollview.app; sourceTree = BUILT_PRODUCTS_DIR; };
		37A085841A839516005F859A /* Foundation.framework */ = {isa = PBXFileReference; lastKnownFileType = wrapper.framework; name = Foundation.framework; path = System/Library/Frameworks/Foundation.framework; sourceTree = SDKROOT; };
		37A085861A839516005F859A /* CoreGraphics.framework */ = {isa = PBXFileReference; lastKnownFileType = wrapper.framework; name = CoreGraphics.framework; path = System/Library/Frameworks/CoreGraphics.framework; sourceTree = SDKROOT; };
		37A085881A839516005F859A /* UIKit.framework */ = {isa = PBXFileReference; lastKnownFileType = wrapper.framework; name = UIKit.framework; path = System/Library/Frameworks/UIKit.framework; sourceTree = SDKROOT; };
		37A0858C1A839516005F859A /* scrollview-Info.plist */ = {isa = PBXFileReference; lastKnownFileType = text.plist.xml; path = "scrollview-Info.plist"; sourceTree = "<group>"; };
		37A0858E1A839516005F859A /* en */ = {isa = PBXFileReference; lastKnownFileType = text.plist.strings; name = en; path = en.lproj/InfoPlist.strings; sourceTree = "<group>"; };
		37A085901A839516005F859A /* main.m */ = {isa = PBXFileReference; lastKnownFileType = sourcecode.c.objc; path = main.m; sourceTree = "<group>"; };
		37A085921A839516005F859A /* scrollview-Prefix.pch */ = {isa = PBXFileReference; lastKnownFileType = sourcecode.c.h; path = "scrollview-Prefix.pch"; sourceTree = "<group>"; };
		37A085931A839516005F859A /* Programming_DemoAppDelegate.h */ = {isa = PBXFileReference; lastKnownFileType = sourcecode.c.h; path = Programming_DemoAppDelegate.h; sourceTree = "<group>"; };
		37A085941A839516005F859A /* Programming_DemoAppDelegate.m */ = {isa = PBXFileReference; lastKnownFileType = sourcecode.c.objc; path = Programming_DemoAppDelegate.m; sourceTree = "<group>"; };
		37A085971A839516005F859A /* Base */ = {isa = PBXFileReference; lastKnownFileType = file.storyboard; name = Base; path = Base.lproj/Main.storyboard; sourceTree = "<group>"; };
		37A085991A839516005F859A /* Programming_DemoViewController.h */ = {isa = PBXFileReference; lastKnownFileType = sourcecode.c.h; path = Programming_DemoViewController.h; sourceTree = "<group>"; };
		37A0859A1A839516005F859A /* Programming_DemoViewController.m */ = {isa = PBXFileReference; lastKnownFileType = sourcecode.c.objc; path = Programming_DemoViewController.m; sourceTree = "<group>"; };
		37A0859C1A839516005F859A /* Images.xcassets */ = {isa = PBXFileReference; lastKnownFileType = folder.assetcatalog; path = Images.xcassets; sourceTree = "<group>"; };
		37A085A21A839516005F859A /* scrollviewTests.xctest */ = {isa = PBXFileReference; explicitFileType = wrapper.cfbundle; includeInIndex = 0; path = scrollviewTests.xctest; sourceTree = BUILT_PRODUCTS_DIR; };
		37A085A31A839516005F859A /* XCTest.framework */ = {isa = PBXFileReference; lastKnownFileType = wrapper.framework; name = XCTest.framework; path = Library/Frameworks/XCTest.framework; sourceTree = DEVELOPER_DIR; };
		37A085AB1A839516005F859A /* scrollviewTests-Info.plist */ = {isa = PBXFileReference; lastKnownFileType = text.plist.xml; path = "scrollviewTests-Info.plist"; sourceTree = "<group>"; };
		37A085AD1A839516005F859A /* en */ = {isa = PBXFileReference; lastKnownFileType = text.plist.strings; name = en; path = en.lproj/InfoPlist.strings; sourceTree = "<group>"; };
		37A085AF1A839516005F859A /* scrollviewTests.m */ = {isa = PBXFileReference; lastKnownFileType = sourcecode.c.objc; path = scrollviewTests.m; sourceTree = "<group>"; };
/* End PBXFileReference section */

/* Begin PBXFrameworksBuildPhase section */
		37A0857E1A839516005F859A /* Frameworks */ = {
			isa = PBXFrameworksBuildPhase;
			buildActionMask = 2147483647;
			files = (
				37A085871A839516005F859A /* CoreGraphics.framework in Frameworks */,
				37A085891A839516005F859A /* UIKit.framework in Frameworks */,
				37A085851A839516005F859A /* Foundation.framework in Frameworks */,
			);
			runOnlyForDeploymentPostprocessing = 0;
		};
		37A0859F1A839516005F859A /* Frameworks */ = {
			isa = PBXFrameworksBuildPhase;
			buildActionMask = 2147483647;
			files = (
				37A085A41A839516005F859A /* XCTest.framework in Frameworks */,
				37A085A61A839516005F859A /* UIKit.framework in Frameworks */,
				37A085A51A839516005F859A /* Foundation.framework in Frameworks */,
			);
			runOnlyForDeploymentPostprocessing = 0;
		};
/* End PBXFrameworksBuildPhase section */

/* Begin PBXGroup section */
		37A085781A839516005F859A = {
			isa = PBXGroup;
			children = (
				37A0858A1A839516005F859A /* scrollview */,
				37A085A91A839516005F859A /* scrollviewTests */,
				37A085831A839516005F859A /* Frameworks */,
				37A085821A839516005F859A /* Products */,
			);
			sourceTree = "<group>";
		};
		37A085821A839516005F859A /* Products */ = {
			isa = PBXGroup;
			children = (
				37A085811A839516005F859A /* scrollview.app */,
				37A085A21A839516005F859A /* scrollviewTests.xctest */,
			);
			name = Products;
			sourceTree = "<group>";
		};
		37A085831A839516005F859A /* Frameworks */ = {
			isa = PBXGroup;
			children = (
				37A085841A839516005F859A /* Foundation.framework */,
				37A085861A839516005F859A /* CoreGraphics.framework */,
				37A085881A839516005F859A /* UIKit.framework */,
				37A085A31A839516005F859A /* XCTest.framework */,
			);
			name = Frameworks;
			sourceTree = "<group>";
		};
		37A0858A1A839516005F859A /* scrollview */ = {
			isa = PBXGroup;
			children = (
				37A085931A839516005F859A /* Programming_DemoAppDelegate.h */,
				37A085941A839516005F859A /* Programming_DemoAppDelegate.m */,
				37A085961A839516005F859A /* Main.storyboard */,
				37A085991A839516005F859A /* Programming_DemoViewController.h */,
				37A0859A1A839516005F859A /* Programming_DemoViewController.m */,
				37A0859C1A839516005F859A /* Images.xcassets */,
				37A0858B1A839516005F859A /* Supporting Files */,
			);
			path = scrollview;
			sourceTree = "<group>";
		};
		37A0858B1A839516005F859A /* Supporting Files */ = {
			isa = PBXGroup;
			children = (
				37A0858C1A839516005F859A /* scrollview-Info.plist */,
				37A0858D1A839516005F859A /* InfoPlist.strings */,
				37A085901A839516005F859A /* main.m */,
				37A085921A839516005F859A /* scrollview-Prefix.pch */,
			);
			name = "Supporting Files";
			sourceTree = "<group>";
		};
		37A085A91A839516005F859A /* scrollviewTests */ = {
			isa = PBXGroup;
			children = (
				37A085AF1A839516005F859A /* scrollviewTests.m */,
				37A085AA1A839516005F859A /* Supporting Files */,
			);
			path = scrollviewTests;
			sourceTree = "<group>";
		};
		37A085AA1A839516005F859A /* Supporting Files */ = {
			isa = PBXGroup;
			children = (
				37A085AB1A839516005F859A /* scrollviewTests-Info.plist */,
				37A085AC1A839516005F859A /* InfoPlist.strings */,
			);
			name = "Supporting Files";
			sourceTree = "<group>";
		};
/* End PBXGroup section */

/* Begin PBXNativeTarget section */
		37A085801A839516005F859A /* scrollview */ = {
			isa = PBXNativeTarget;
			buildConfigurationList = 37A085B31A839516005F859A /* Build configuration list for PBXNativeTarget "scrollview" */;
			buildPhases = (
				37A0857D1A839516005F859A /* Sources */,
				37A0857E1A839516005F859A /* Frameworks */,
				37A0857F1A839516005F859A /* Resources */,
			);
			buildRules = (
			);
			dependencies = (
			);
			name = scrollview;
			productName = scrollview;
			productReference = 37A085811A839516005F859A /* scrollview.app */;
			productType = "com.apple.product-type.application";
		};
		37A085A11A839516005F859A /* scrollviewTests */ = {
			isa = PBXNativeTarget;
			buildConfigurationList = 37A085B61A839516005F859A /* Build configuration list for PBXNativeTarget "scrollviewTests" */;
			buildPhases = (
				37A0859E1A839516005F859A /* Sources */,
				37A0859F1A839516005F859A /* Frameworks */,
				37A085A01A839516005F859A /* Resources */,
			);
			buildRules = (
			);
			dependencies = (
				37A085A81A839516005F859A /* PBXTargetDependency */,
			);
			name = scrollviewTests;
			productName = scrollviewTests;
			productReference = 37A085A21A839516005F859A /* scrollviewTests.xctest */;
			productType = "com.apple.product-type.bundle.unit-test";
		};
/* End PBXNativeTarget section */

/* Begin PBXProject section */
		37A085791A839516005F859A /* Project object */ = {
			isa = PBXProject;
			attributes = {
				CLASSPREFIX = "Programming Demo";
				LastUpgradeCheck = 0510;
				ORGANIZATIONNAME = Bets;
				TargetAttributes = {
					37A085A11A839516005F859A = {
						TestTargetID = 37A085801A839516005F859A;
					};
				};
			};
			buildConfigurationList = 37A0857C1A839516005F859A /* Build configuration list for PBXProject "scrollview" */;
			compatibilityVersion = "Xcode 3.2";
			developmentRegion = English;
			hasScannedForEncodings = 0;
			knownRegions = (
				en,
				Base,
			);
			mainGroup = 37A085781A839516005F859A;
			productRefGroup = 37A085821A839516005F859A /* Products */;
			projectDirPath = "";
			projectRoot = "";
			targets = (
				37A085801A839516005F859A /* scrollview */,
				37A085A11A839516005F859A /* scrollviewTests */,
			);
		};
/* End PBXProject section */

/* Begin PBXResourcesBuildPhase section */
		37A0857F1A839516005F859A /* Resources */ = {
			isa = PBXResourcesBuildPhase;
			buildActionMask = 2147483647;
			files = (
				37A0859D1A839516005F859A /* Images.xcassets in Resources */,
				37A0858F1A839516005F859A /* InfoPlist.strings in Resources */,
				37A085981A839516005F859A /* Main.storyboard in Resources */,
			);
			runOnlyForDeploymentPostprocessing = 0;
		};
		37A085A01A839516005F859A /* Resources */ = {
			isa = PBXResourcesBuildPhase;
			buildActionMask = 2147483647;
			files = (
				37A085AE1A839516005F859A /* InfoPlist.strings in Resources */,
			);
			runOnlyForDeploymentPostprocessing = 0;
		};
/* End PBXResourcesBuildPhase section */

/* Begin PBXSourcesBuildPhase section */
		37A0857D1A839516005F859A /* Sources */ = {
			isa = PBXSourcesBuildPhase;
			buildActionMask = 2147483647;
			files = (
				37A085911A839516005F859A /* main.m in Sources */,
				37A085951A839516005F859A /* Programming_DemoAppDelegate.m in Sources */,
				37A0859B1A839516005F859A /* Programming_DemoViewController.m in Sources */,
			);
			runOnlyForDeploymentPostprocessing = 0;
		};
		37A0859E1A839516005F859A /* Sources */ = {
			isa = PBXSourcesBuildPhase;
			buildActionMask = 2147483647;
			files = (
				37A085B01A839516005F859A /* scrollviewTests.m in Sources */,
			);
			runOnlyForDeploymentPostprocessing = 0;
		};
/* End PBXSourcesBuildPhase section */

/* Begin PBXTargetDependency section */
		37A085A81A839516005F859A /* PBXTargetDependency */ = {
			isa = PBXTargetDependency;
			target = 37A085801A839516005F859A /* scrollview */;
			targetProxy = 37A085A71A839516005F859A /* PBXContainerItemProxy */;
		};
/* End PBXTargetDependency section */

/* Begin PBXVariantGroup section */
		37A0858D1A839516005F859A /* InfoPlist.strings */ = {
			isa = PBXVariantGroup;
			children = (
				37A0858E1A839516005F859A /* en */,
			);
			name = InfoPlist.strings;
			sourceTree = "<group>";
		};
		37A085961A839516005F859A /* Main.storyboard */ = {
			isa = PBXVariantGroup;
			children = (
				37A085971A839516005F859A /* Base */,
			);
			name = Main.storyboard;
			sourceTree = "<group>";
		};
		37A085AC1A839516005F859A /* InfoPlist.strings */ = {
			isa = PBXVariantGroup;
			children = (
				37A085AD1A839516005F859A /* en */,
			);
			name = InfoPlist.strings;
			sourceTree = "<group>";
		};
/* End PBXVariantGroup section */

/* Begin XCBuildConfiguration section */
		37A085B11A839516005F859A /* Debug */ = {
			isa = XCBuildConfiguration;
			buildSettings = {
				ALWAYS_SEARCH_USER_PATHS = NO;
				CLANG_CXX_LANGUAGE_STANDARD = "gnu++0x";
				CLANG_CXX_LIBRARY = "libc++";
				CLANG_ENABLE_MODULES = YES;
				CLANG_ENABLE_OBJC_ARC = YES;
				CLANG_WARN_BOOL_CONVERSION = YES;
				CLANG_WARN_CONSTANT_CONVERSION = YES;
				CLANG_WARN_DIRECT_OBJC_ISA_USAGE = YES_ERROR;
				CLANG_WARN_EMPTY_BODY = YES;
				CLANG_WARN_ENUM_CONVERSION = YES;
				CLANG_WARN_INT_CONVERSION = YES;
				CLANG_WARN_OBJC_ROOT_CLASS = YES_ERROR;
				CLANG_WARN__DUPLICATE_METHOD_MATCH = YES;
				"CODE_SIGN_IDENTITY[sdk=iphoneos*]" = "iPhone Developer";
				COPY_PHASE_STRIP = NO;
				GCC_C_LANGUAGE_STANDARD = gnu99;
				GCC_DYNAMIC_NO_PIC = NO;
				GCC_OPTIMIZATION_LEVEL = 0;
				GCC_PREPROCESSOR_DEFINITIONS = (
					"DEBUG=1",
					"$(inherited)",
				);
				GCC_SYMBOLS_PRIVATE_EXTERN = NO;
				GCC_WARN_64_TO_32_BIT_CONVERSION = YES;
				GCC_WARN_ABOUT_RETURN_TYPE = YES_ERROR;
				GCC_WARN_UNDECLARED_SELECTOR = YES;
				GCC_WARN_UNINITIALIZED_AUTOS = YES_AGGRESSIVE;
				GCC_WARN_UNUSED_FUNCTION = YES;
				GCC_WARN_UNUSED_VARIABLE = YES;
				IPHONEOS_DEPLOYMENT_TARGET = 7.1;
				ONLY_ACTIVE_ARCH = YES;
				SDKROOT = iphoneos;
			};
			name = Debug;
		};
		37A085B21A839516005F859A /* Release */ = {
			isa = XCBuildConfiguration;
			buildSettings = {
				ALWAYS_SEARCH_USER_PATHS = NO;
				CLANG_CXX_LANGUAGE_STANDARD = "gnu++0x";
				CLANG_CXX_LIBRARY = "libc++";
				CLANG_ENABLE_MODULES = YES;
				CLANG_ENABLE_OBJC_ARC = YES;
				CLANG_WARN_BOOL_CONVERSION = YES;
				CLANG_WARN_CONSTANT_CONVERSION = YES;
				CLANG_WARN_DIRECT_OBJC_ISA_USAGE = YES_ERROR;
				CLANG_WARN_EMPTY_BODY = YES;
				CLANG_WARN_ENUM_CONVERSION = YES;
				CLANG_WARN_INT_CONVERSION = YES;
				CLANG_WARN_OBJC_ROOT_CLASS = YES_ERROR;
				CLANG_WARN__DUPLICATE_METHOD_MATCH = YES;
				"CODE_SIGN_IDENTITY[sdk=iphoneos*]" = "iPhone Developer";
				COPY_PHASE_STRIP = YES;
				ENABLE_NS_ASSERTIONS = NO;
				GCC_C_LANGUAGE_STANDARD = gnu99;
				GCC_WARN_64_TO_32_BIT_CONVERSION = YES;
				GCC_WARN_ABOUT_RETURN_TYPE = YES_ERROR;
				GCC_WARN_UNDECLARED_SELECTOR = YES;
				GCC_WARN_UNINITIALIZED_AUTOS = YES_AGGRESSIVE;
				GCC_WARN_UNUSED_FUNCTION = YES;
				GCC_WARN_UNUSED_VARIABLE = YES;
				IPHONEOS_DEPLOYMENT_TARGET = 7.1;
				SDKROOT = iphoneos;
				VALIDATE_PRODUCT = YES;
			};
			name = Release;
		};
		37A085B41A839516005F859A /* Debug */ = {
			isa = XCBuildConfiguration;
			buildSettings = {
				ASSETCATALOG_COMPILER_APPICON_NAME = AppIcon;
				ASSETCATALOG_COMPILER_LAUNCHIMAGE_NAME = LaunchImage;
				GCC_PRECOMPILE_PREFIX_HEADER = YES;
				GCC_PREFIX_HEADER = "scrollview/scrollview-Prefix.pch";
				INFOPLIST_FILE = "scrollview/scrollview-Info.plist";
				PRODUCT_NAME = "$(TARGET_NAME)";
				WRAPPER_EXTENSION = app;
			};
			name = Debug;
		};
		37A085B51A839516005F859A /* Release */ = {
			isa = XCBuildConfiguration;
			buildSettings = {
				ASSETCATALOG_COMPILER_APPICON_NAME = AppIcon;
				ASSETCATALOG_COMPILER_LAUNCHIMAGE_NAME = LaunchImage;
				GCC_PRECOMPILE_PREFIX_HEADER = YES;
				GCC_PREFIX_HEADER = "scrollview/scrollview-Prefix.pch";
				INFOPLIST_FILE = "scrollview/scrollview-Info.plist";
				PRODUCT_NAME = "$(TARGET_NAME)";
				WRAPPER_EXTENSION = app;
			};
			name = Release;
		};
		37A085B71A839516005F859A /* Debug */ = {
			isa = XCBuildConfiguration;
			buildSettings = {
				BUNDLE_LOADER = "$(BUILT_PRODUCTS_DIR)/scrollview.app/scrollview";
				FRAMEWORK_SEARCH_PATHS = (
					"$(SDKROOT)/Developer/Library/Frameworks",
					"$(inherited)",
					"$(DEVELOPER_FRAMEWORKS_DIR)",
				);
				GCC_PRECOMPILE_PREFIX_HEADER = YES;
				GCC_PREFIX_HEADER = "scrollview/scrollview-Prefix.pch";
				GCC_PREPROCESSOR_DEFINITIONS = (
					"DEBUG=1",
					"$(inherited)",
				);
				INFOPLIST_FILE = "scrollviewTests/scrollviewTests-Info.plist";
				PRODUCT_NAME = "$(TARGET_NAME)";
				TEST_HOST = "$(BUNDLE_LOADER)";
				WRAPPER_EXTENSION = xctest;
			};
			name = Debug;
		};
		37A085B81A839516005F859A /* Release */ = {
			isa = XCBuildConfiguration;
			buildSettings = {
				BUNDLE_LOADER = "$(BUILT_PRODUCTS_DIR)/scrollview.app/scrollview";
				FRAMEWORK_SEARCH_PATHS = (
					"$(SDKROOT)/Developer/Library/Frameworks",
					"$(inherited)",
					"$(DEVELOPER_FRAMEWORKS_DIR)",
				);
				GCC_PRECOMPILE_PREFIX_HEADER = YES;
				GCC_PREFIX_HEADER = "scrollview/scrollview-Prefix.pch";
				INFOPLIST_FILE = "scrollviewTests/scrollviewTests-Info.plist";
				PRODUCT_NAME = "$(TARGET_NAME)";
				TEST_HOST = "$(BUNDLE_LOADER)";
				WRAPPER_EXTENSION = xctest;
			};
			name = Release;
		};
/* End XCBuildConfiguration section */

/* Begin XCConfigurationList section */
		37A0857C1A839516005F859A /* Build configuration list for PBXProject "scrollview" */ = {
			isa = XCConfigurationList;
			buildConfigurations = (
				37A085B11A839516005F859A /* Debug */,
				37A085B21A839516005F859A /* Release */,
			);
			defaultConfigurationIsVisible = 0;
			defaultConfigurationName = Release;
		};
		37A085B31A839516005F859A /* Build configuration list for PBXNativeTarget "scrollview" */ = {
			isa = XCConfigurationList;
			buildConfigurations = (
				37A085B41A839516005F859A /* Debug */,
				37A085B51A839516005F859A /* Release */,
			);
			defaultConfigurationIsVisible = 0;
		};
		37A085B61A839516005F859A /* Build configuration list for PBXNativeTarget "scrollviewTests" */ = {
			isa = XCConfigurationList;
			buildConfigurations = (
				37A085B71A839516005F859A /* Debug */,
				37A085B81A839516005F859A /* Release */,
			);
			defaultConfigurationIsVisible = 0;
		};
/* End XCConfigurationList section */
	};
	rootObject = 37A085791A839516005F859A /* Project object */;
}
