// !$*UTF8*$!
{
	archiveVersion = 1;
	classes = {
	};
	objectVersion = 46;
	objects = {

/* Begin PBXBuildFile section */
		379A6F801A8228720078C695 /* Foundation.framework in Frameworks */ = {isa = PBXBuildFile; fileRef = 379A6F7F1A8228720078C695 /* Foundation.framework */; };
		379A6F821A8228720078C695 /* CoreGraphics.framework in Frameworks */ = {isa = PBXBuildFile; fileRef = 379A6F811A8228720078C695 /* CoreGraphics.framework */; };
		379A6F841A8228720078C695 /* UIKit.framework in Frameworks */ = {isa = PBXBuildFile; fileRef = 379A6F831A8228720078C695 /* UIKit.framework */; };
		379A6F8A1A8228720078C695 /* InfoPlist.strings in Resources */ = {isa = PBXBuildFile; fileRef = 379A6F881A8228720078C695 /* InfoPlist.strings */; };
		379A6F8C1A8228720078C695 /* main.m in Sources */ = {isa = PBXBuildFile; fileRef = 379A6F8B1A8228720078C695 /* main.m */; };
		379A6F901A8228720078C695 /* Programming_DemoAppDelegate.m in Sources */ = {isa = PBXBuildFile; fileRef = 379A6F8F1A8228720078C695 /* Programming_DemoAppDelegate.m */; };
		379A6F931A8228720078C695 /* Main.storyboard in Resources */ = {isa = PBXBuildFile; fileRef = 379A6F911A8228720078C695 /* Main.storyboard */; };
		379A6F961A8228720078C695 /* Programming_DemoViewController.m in Sources */ = {isa = PBXBuildFile; fileRef = 379A6F951A8228720078C695 /* Programming_DemoViewController.m */; };
		379A6F981A8228720078C695 /* Images.xcassets in Resources */ = {isa = PBXBuildFile; fileRef = 379A6F971A8228720078C695 /* Images.xcassets */; };
		379A6F9F1A8228720078C695 /* XCTest.framework in Frameworks */ = {isa = PBXBuildFile; fileRef = 379A6F9E1A8228720078C695 /* XCTest.framework */; };
		379A6FA01A8228720078C695 /* Foundation.framework in Frameworks */ = {isa = PBXBuildFile; fileRef = 379A6F7F1A8228720078C695 /* Foundation.framework */; };
		379A6FA11A8228720078C695 /* UIKit.framework in Frameworks */ = {isa = PBXBuildFile; fileRef = 379A6F831A8228720078C695 /* UIKit.framework */; };
		379A6FA91A8228720078C695 /* InfoPlist.strings in Resources */ = {isa = PBXBuildFile; fileRef = 379A6FA71A8228720078C695 /* InfoPlist.strings */; };
		379A6FAB1A8228720078C695 /* sliderTests.m in Sources */ = {isa = PBXBuildFile; fileRef = 379A6FAA1A8228720078C695 /* sliderTests.m */; };
/* End PBXBuildFile section */

/* Begin PBXContainerItemProxy section */
		379A6FA21A8228720078C695 /* PBXContainerItemProxy */ = {
			isa = PBXContainerItemProxy;
			containerPortal = 379A6F741A8228720078C695 /* Project object */;
			proxyType = 1;
			remoteGlobalIDString = 379A6F7B1A8228720078C695;
			remoteInfo = slider;
		};
/* End PBXContainerItemProxy section */

/* Begin PBXFileReference section */
		379A6F7C1A8228720078C695 /* slider.app */ = {isa = PBXFileReference; explicitFileType = wrapper.application; includeInIndex = 0; path = slider.app; sourceTree = BUILT_PRODUCTS_DIR; };
		379A6F7F1A8228720078C695 /* Foundation.framework */ = {isa = PBXFileReference; lastKnownFileType = wrapper.framework; name = Foundation.framework; path = System/Library/Frameworks/Foundation.framework; sourceTree = SDKROOT; };
		379A6F811A8228720078C695 /* CoreGraphics.framework */ = {isa = PBXFileReference; lastKnownFileType = wrapper.framework; name = CoreGraphics.framework; path = System/Library/Frameworks/CoreGraphics.framework; sourceTree = SDKROOT; };
		379A6F831A8228720078C695 /* UIKit.framework */ = {isa = PBXFileReference; lastKnownFileType = wrapper.framework; name = UIKit.framework; path = System/Library/Frameworks/UIKit.framework; sourceTree = SDKROOT; };
		379A6F871A8228720078C695 /* slider-Info.plist */ = {isa = PBXFileReference; lastKnownFileType = text.plist.xml; path = "slider-Info.plist"; sourceTree = "<group>"; };
		379A6F891A8228720078C695 /* en */ = {isa = PBXFileReference; lastKnownFileType = text.plist.strings; name = en; path = en.lproj/InfoPlist.strings; sourceTree = "<group>"; };
		379A6F8B1A8228720078C695 /* main.m */ = {isa = PBXFileReference; lastKnownFileType = sourcecode.c.objc; path = main.m; sourceTree = "<group>"; };
		379A6F8D1A8228720078C695 /* slider-Prefix.pch */ = {isa = PBXFileReference; lastKnownFileType = sourcecode.c.h; path = "slider-Prefix.pch"; sourceTree = "<group>"; };
		379A6F8E1A8228720078C695 /* Programming_DemoAppDelegate.h */ = {isa = PBXFileReference; lastKnownFileType = sourcecode.c.h; path = Programming_DemoAppDelegate.h; sourceTree = "<group>"; };
		379A6F8F1A8228720078C695 /* Programming_DemoAppDelegate.m */ = {isa = PBXFileReference; lastKnownFileType = sourcecode.c.objc; path = Programming_DemoAppDelegate.m; sourceTree = "<group>"; };
		379A6F921A8228720078C695 /* Base */ = {isa = PBXFileReference; lastKnownFileType = file.storyboard; name = Base; path = Base.lproj/Main.storyboard; sourceTree = "<group>"; };
		379A6F941A8228720078C695 /* Programming_DemoViewController.h */ = {isa = PBXFileReference; lastKnownFileType = sourcecode.c.h; path = Programming_DemoViewController.h; sourceTree = "<group>"; };
		379A6F951A8228720078C695 /* Programming_DemoViewController.m */ = {isa = PBXFileReference; lastKnownFileType = sourcecode.c.objc; path = Programming_DemoViewController.m; sourceTree = "<group>"; };
		379A6F971A8228720078C695 /* Images.xcassets */ = {isa = PBXFileReference; lastKnownFileType = folder.assetcatalog; path = Images.xcassets; sourceTree = "<group>"; };
		379A6F9D1A8228720078C695 /* sliderTests.xctest */ = {isa = PBXFileReference; explicitFileType = wrapper.cfbundle; includeInIndex = 0; path = sliderTests.xctest; sourceTree = BUILT_PRODUCTS_DIR; };
		379A6F9E1A8228720078C695 /* XCTest.framework */ = {isa = PBXFileReference; lastKnownFileType = wrapper.framework; name = XCTest.framework; path = Library/Frameworks/XCTest.framework; sourceTree = DEVELOPER_DIR; };
		379A6FA61A8228720078C695 /* sliderTests-Info.plist */ = {isa = PBXFileReference; lastKnownFileType = text.plist.xml; path = "sliderTests-Info.plist"; sourceTree = "<group>"; };
		379A6FA81A8228720078C695 /* en */ = {isa = PBXFileReference; lastKnownFileType = text.plist.strings; name = en; path = en.lproj/InfoPlist.strings; sourceTree = "<group>"; };
		379A6FAA1A8228720078C695 /* sliderTests.m */ = {isa = PBXFileReference; lastKnownFileType = sourcecode.c.objc; path = sliderTests.m; sourceTree = "<group>"; };
/* End PBXFileReference section */

/* Begin PBXFrameworksBuildPhase section */
		379A6F791A8228720078C695 /* Frameworks */ = {
			isa = PBXFrameworksBuildPhase;
			buildActionMask = 2147483647;
			files = (
				379A6F821A8228720078C695 /* CoreGraphics.framework in Frameworks */,
				379A6F841A8228720078C695 /* UIKit.framework in Frameworks */,
				379A6F801A8228720078C695 /* Foundation.framework in Frameworks */,
			);
			runOnlyForDeploymentPostprocessing = 0;
		};
		379A6F9A1A8228720078C695 /* Frameworks */ = {
			isa = PBXFrameworksBuildPhase;
			buildActionMask = 2147483647;
			files = (
				379A6F9F1A8228720078C695 /* XCTest.framework in Frameworks */,
				379A6FA11A8228720078C695 /* UIKit.framework in Frameworks */,
				379A6FA01A8228720078C695 /* Foundation.framework in Frameworks */,
			);
			runOnlyForDeploymentPostprocessing = 0;
		};
/* End PBXFrameworksBuildPhase section */

/* Begin PBXGroup section */
		379A6F731A8228720078C695 = {
			isa = PBXGroup;
			children = (
				379A6F851A8228720078C695 /* slider */,
				379A6FA41A8228720078C695 /* sliderTests */,
				379A6F7E1A8228720078C695 /* Frameworks */,
				379A6F7D1A8228720078C695 /* Products */,
			);
			sourceTree = "<group>";
		};
		379A6F7D1A8228720078C695 /* Products */ = {
			isa = PBXGroup;
			children = (
				379A6F7C1A8228720078C695 /* slider.app */,
				379A6F9D1A8228720078C695 /* sliderTests.xctest */,
			);
			name = Products;
			sourceTree = "<group>";
		};
		379A6F7E1A8228720078C695 /* Frameworks */ = {
			isa = PBXGroup;
			children = (
				379A6F7F1A8228720078C695 /* Foundation.framework */,
				379A6F811A8228720078C695 /* CoreGraphics.framework */,
				379A6F831A8228720078C695 /* UIKit.framework */,
				379A6F9E1A8228720078C695 /* XCTest.framework */,
			);
			name = Frameworks;
			sourceTree = "<group>";
		};
		379A6F851A8228720078C695 /* slider */ = {
			isa = PBXGroup;
			children = (
				379A6F8E1A8228720078C695 /* Programming_DemoAppDelegate.h */,
				379A6F8F1A8228720078C695 /* Programming_DemoAppDelegate.m */,
				379A6F911A8228720078C695 /* Main.storyboard */,
				379A6F941A8228720078C695 /* Programming_DemoViewController.h */,
				379A6F951A8228720078C695 /* Programming_DemoViewController.m */,
				379A6F971A8228720078C695 /* Images.xcassets */,
				379A6F861A8228720078C695 /* Supporting Files */,
			);
			path = slider;
			sourceTree = "<group>";
		};
		379A6F861A8228720078C695 /* Supporting Files */ = {
			isa = PBXGroup;
			children = (
				379A6F871A8228720078C695 /* slider-Info.plist */,
				379A6F881A8228720078C695 /* InfoPlist.strings */,
				379A6F8B1A8228720078C695 /* main.m */,
				379A6F8D1A8228720078C695 /* slider-Prefix.pch */,
			);
			name = "Supporting Files";
			sourceTree = "<group>";
		};
		379A6FA41A8228720078C695 /* sliderTests */ = {
			isa = PBXGroup;
			children = (
				379A6FAA1A8228720078C695 /* sliderTests.m */,
				379A6FA51A8228720078C695 /* Supporting Files */,
			);
			path = sliderTests;
			sourceTree = "<group>";
		};
		379A6FA51A8228720078C695 /* Supporting Files */ = {
			isa = PBXGroup;
			children = (
				379A6FA61A8228720078C695 /* sliderTests-Info.plist */,
				379A6FA71A8228720078C695 /* InfoPlist.strings */,
			);
			name = "Supporting Files";
			sourceTree = "<group>";
		};
/* End PBXGroup section */

/* Begin PBXNativeTarget section */
		379A6F7B1A8228720078C695 /* slider */ = {
			isa = PBXNativeTarget;
			buildConfigurationList = 379A6FAE1A8228720078C695 /* Build configuration list for PBXNativeTarget "slider" */;
			buildPhases = (
				379A6F781A8228720078C695 /* Sources */,
				379A6F791A8228720078C695 /* Frameworks */,
				379A6F7A1A8228720078C695 /* Resources */,
			);
			buildRules = (
			);
			dependencies = (
			);
			name = slider;
			productName = slider;
			productReference = 379A6F7C1A8228720078C695 /* slider.app */;
			productType = "com.apple.product-type.application";
		};
		379A6F9C1A8228720078C695 /* sliderTests */ = {
			isa = PBXNativeTarget;
			buildConfigurationList = 379A6FB11A8228720078C695 /* Build configuration list for PBXNativeTarget "sliderTests" */;
			buildPhases = (
				379A6F991A8228720078C695 /* Sources */,
				379A6F9A1A8228720078C695 /* Frameworks */,
				379A6F9B1A8228720078C695 /* Resources */,
			);
			buildRules = (
			);
			dependencies = (
				379A6FA31A8228720078C695 /* PBXTargetDependency */,
			);
			name = sliderTests;
			productName = sliderTests;
			productReference = 379A6F9D1A8228720078C695 /* sliderTests.xctest */;
			productType = "com.apple.product-type.bundle.unit-test";
		};
/* End PBXNativeTarget section */

/* Begin PBXProject section */
		379A6F741A8228720078C695 /* Project object */ = {
			isa = PBXProject;
			attributes = {
				CLASSPREFIX = "Programming Demo";
				LastUpgradeCheck = 0510;
				ORGANIZATIONNAME = Bets;
				TargetAttributes = {
					379A6F9C1A8228720078C695 = {
						TestTargetID = 379A6F7B1A8228720078C695;
					};
				};
			};
			buildConfigurationList = 379A6F771A8228720078C695 /* Build configuration list for PBXProject "slider" */;
			compatibilityVersion = "Xcode 3.2";
			developmentRegion = English;
			hasScannedForEncodings = 0;
			knownRegions = (
				en,
				Base,
			);
			mainGroup = 379A6F731A8228720078C695;
			productRefGroup = 379A6F7D1A8228720078C695 /* Products */;
			projectDirPath = "";
			projectRoot = "";
			targets = (
				379A6F7B1A8228720078C695 /* slider */,
				379A6F9C1A8228720078C695 /* sliderTests */,
			);
		};
/* End PBXProject section */

/* Begin PBXResourcesBuildPhase section */
		379A6F7A1A8228720078C695 /* Resources */ = {
			isa = PBXResourcesBuildPhase;
			buildActionMask = 2147483647;
			files = (
				379A6F981A8228720078C695 /* Images.xcassets in Resources */,
				379A6F8A1A8228720078C695 /* InfoPlist.strings in Resources */,
				379A6F931A8228720078C695 /* Main.storyboard in Resources */,
			);
			runOnlyForDeploymentPostprocessing = 0;
		};
		379A6F9B1A8228720078C695 /* Resources */ = {
			isa = PBXResourcesBuildPhase;
			buildActionMask = 2147483647;
			files = (
				379A6FA91A8228720078C695 /* InfoPlist.strings in Resources */,
			);
			runOnlyForDeploymentPostprocessing = 0;
		};
/* End PBXResourcesBuildPhase section */

/* Begin PBXSourcesBuildPhase section */
		379A6F781A8228720078C695 /* Sources */ = {
			isa = PBXSourcesBuildPhase;
			buildActionMask = 2147483647;
			files = (
				379A6F8C1A8228720078C695 /* main.m in Sources */,
				379A6F901A8228720078C695 /* Programming_DemoAppDelegate.m in Sources */,
				379A6F961A8228720078C695 /* Programming_DemoViewController.m in Sources */,
			);
			runOnlyForDeploymentPostprocessing = 0;
		};
		379A6F991A8228720078C695 /* Sources */ = {
			isa = PBXSourcesBuildPhase;
			buildActionMask = 2147483647;
			files = (
				379A6FAB1A8228720078C695 /* sliderTests.m in Sources */,
			);
			runOnlyForDeploymentPostprocessing = 0;
		};
/* End PBXSourcesBuildPhase section */

/* Begin PBXTargetDependency section */
		379A6FA31A8228720078C695 /* PBXTargetDependency */ = {
			isa = PBXTargetDependency;
			target = 379A6F7B1A8228720078C695 /* slider */;
			targetProxy = 379A6FA21A8228720078C695 /* PBXContainerItemProxy */;
		};
/* End PBXTargetDependency section */

/* Begin PBXVariantGroup section */
		379A6F881A8228720078C695 /* InfoPlist.strings */ = {
			isa = PBXVariantGroup;
			children = (
				379A6F891A8228720078C695 /* en */,
			);
			name = InfoPlist.strings;
			sourceTree = "<group>";
		};
		379A6F911A8228720078C695 /* Main.storyboard */ = {
			isa = PBXVariantGroup;
			children = (
				379A6F921A8228720078C695 /* Base */,
			);
			name = Main.storyboard;
			sourceTree = "<group>";
		};
		379A6FA71A8228720078C695 /* InfoPlist.strings */ = {
			isa = PBXVariantGroup;
			children = (
				379A6FA81A8228720078C695 /* en */,
			);
			name = InfoPlist.strings;
			sourceTree = "<group>";
		};
/* End PBXVariantGroup section */

/* Begin XCBuildConfiguration section */
		379A6FAC1A8228720078C695 /* Debug */ = {
			isa = XCBuildConfiguration;
			buildSettings = {
				ALWAYS_SEARCH_USER_PATHS = NO;
				CLANG_CXX_LANGUAGE_STANDARD = "gnu++0x";
				CLANG_CXX_LIBRARY = "libc++";
				CLANG_ENABLE_MODULES = YES;
				CLANG_ENABLE_OBJC_ARC = YES;
				CLANG_WARN_BOOL_CONVERSION = YES;
				CLANG_WARN_CONSTANT_CONVERSION = YES;
				CLANG_WARN_DIRECT_OBJC_ISA_USAGE = YES_ERROR;
				CLANG_WARN_EMPTY_BODY = YES;
				CLANG_WARN_ENUM_CONVERSION = YES;
				CLANG_WARN_INT_CONVERSION = YES;
				CLANG_WARN_OBJC_ROOT_CLASS = YES_ERROR;
				CLANG_WARN__DUPLICATE_METHOD_MATCH = YES;
				"CODE_SIGN_IDENTITY[sdk=iphoneos*]" = "iPhone Developer";
				COPY_PHASE_STRIP = NO;
				GCC_C_LANGUAGE_STANDARD = gnu99;
				GCC_DYNAMIC_NO_PIC = NO;
				GCC_OPTIMIZATION_LEVEL = 0;
				GCC_PREPROCESSOR_DEFINITIONS = (
					"DEBUG=1",
					"$(inherited)",
				);
				GCC_SYMBOLS_PRIVATE_EXTERN = NO;
				GCC_WARN_64_TO_32_BIT_CONVERSION = YES;
				GCC_WARN_ABOUT_RETURN_TYPE = YES_ERROR;
				GCC_WARN_UNDECLARED_SELECTOR = YES;
				GCC_WARN_UNINITIALIZED_AUTOS = YES_AGGRESSIVE;
				GCC_WARN_UNUSED_FUNCTION = YES;
				GCC_WARN_UNUSED_VARIABLE = YES;
				IPHONEOS_DEPLOYMENT_TARGET = 7.1;
				ONLY_ACTIVE_ARCH = YES;
				SDKROOT = iphoneos;
			};
			name = Debug;
		};
		379A6FAD1A8228720078C695 /* Release */ = {
			isa = XCBuildConfiguration;
			buildSettings = {
				ALWAYS_SEARCH_USER_PATHS = NO;
				CLANG_CXX_LANGUAGE_STANDARD = "gnu++0x";
				CLANG_CXX_LIBRARY = "libc++";
				CLANG_ENABLE_MODULES = YES;
				CLANG_ENABLE_OBJC_ARC = YES;
				CLANG_WARN_BOOL_CONVERSION = YES;
				CLANG_WARN_CONSTANT_CONVERSION = YES;
				CLANG_WARN_DIRECT_OBJC_ISA_USAGE = YES_ERROR;
				CLANG_WARN_EMPTY_BODY = YES;
				CLANG_WARN_ENUM_CONVERSION = YES;
				CLANG_WARN_INT_CONVERSION = YES;
				CLANG_WARN_OBJC_ROOT_CLASS = YES_ERROR;
				CLANG_WARN__DUPLICATE_METHOD_MATCH = YES;
				"CODE_SIGN_IDENTITY[sdk=iphoneos*]" = "iPhone Developer";
				COPY_PHASE_STRIP = YES;
				ENABLE_NS_ASSERTIONS = NO;
				GCC_C_LANGUAGE_STANDARD = gnu99;
				GCC_WARN_64_TO_32_BIT_CONVERSION = YES;
				GCC_WARN_ABOUT_RETURN_TYPE = YES_ERROR;
				GCC_WARN_UNDECLARED_SELECTOR = YES;
				GCC_WARN_UNINITIALIZED_AUTOS = YES_AGGRESSIVE;
				GCC_WARN_UNUSED_FUNCTION = YES;
				GCC_WARN_UNUSED_VARIABLE = YES;
				IPHONEOS_DEPLOYMENT_TARGET = 7.1;
				SDKROOT = iphoneos;
				VALIDATE_PRODUCT = YES;
			};
			name = Release;
		};
		379A6FAF1A8228720078C695 /* Debug */ = {
			isa = XCBuildConfiguration;
			buildSettings = {
				ASSETCATALOG_COMPILER_APPICON_NAME = AppIcon;
				ASSETCATALOG_COMPILER_LAUNCHIMAGE_NAME = LaunchImage;
				GCC_PRECOMPILE_PREFIX_HEADER = YES;
				GCC_PREFIX_HEADER = "slider/slider-Prefix.pch";
				INFOPLIST_FILE = "slider/slider-Info.plist";
				PRODUCT_NAME = "$(TARGET_NAME)";
				WRAPPER_EXTENSION = app;
			};
			name = Debug;
		};
		379A6FB01A8228720078C695 /* Release */ = {
			isa = XCBuildConfiguration;
			buildSettings = {
				ASSETCATALOG_COMPILER_APPICON_NAME = AppIcon;
				ASSETCATALOG_COMPILER_LAUNCHIMAGE_NAME = LaunchImage;
				GCC_PRECOMPILE_PREFIX_HEADER = YES;
				GCC_PREFIX_HEADER = "slider/slider-Prefix.pch";
				INFOPLIST_FILE = "slider/slider-Info.plist";
				PRODUCT_NAME = "$(TARGET_NAME)";
				WRAPPER_EXTENSION = app;
			};
			name = Release;
		};
		379A6FB21A8228720078C695 /* Debug */ = {
			isa = XCBuildConfiguration;
			buildSettings = {
				BUNDLE_LOADER = "$(BUILT_PRODUCTS_DIR)/slider.app/slider";
				FRAMEWORK_SEARCH_PATHS = (
					"$(SDKROOT)/Developer/Library/Frameworks",
					"$(inherited)",
					"$(DEVELOPER_FRAMEWORKS_DIR)",
				);
				GCC_PRECOMPILE_PREFIX_HEADER = YES;
				GCC_PREFIX_HEADER = "slider/slider-Prefix.pch";
				GCC_PREPROCESSOR_DEFINITIONS = (
					"DEBUG=1",
					"$(inherited)",
				);
				INFOPLIST_FILE = "sliderTests/sliderTests-Info.plist";
				PRODUCT_NAME = "$(TARGET_NAME)";
				TEST_HOST = "$(BUNDLE_LOADER)";
				WRAPPER_EXTENSION = xctest;
			};
			name = Debug;
		};
		379A6FB31A8228720078C695 /* Release */ = {
			isa = XCBuildConfiguration;
			buildSettings = {
				BUNDLE_LOADER = "$(BUILT_PRODUCTS_DIR)/slider.app/slider";
				FRAMEWORK_SEARCH_PATHS = (
					"$(SDKROOT)/Developer/Library/Frameworks",
					"$(inherited)",
					"$(DEVELOPER_FRAMEWORKS_DIR)",
				);
				GCC_PRECOMPILE_PREFIX_HEADER = YES;
				GCC_PREFIX_HEADER = "slider/slider-Prefix.pch";
				INFOPLIST_FILE = "sliderTests/sliderTests-Info.plist";
				PRODUCT_NAME = "$(TARGET_NAME)";
				TEST_HOST = "$(BUNDLE_LOADER)";
				WRAPPER_EXTENSION = xctest;
			};
			name = Release;
		};
/* End XCBuildConfiguration section */

/* Begin XCConfigurationList section */
		379A6F771A8228720078C695 /* Build configuration list for PBXProject "slider" */ = {
			isa = XCConfigurationList;
			buildConfigurations = (
				379A6FAC1A8228720078C695 /* Debug */,
				379A6FAD1A8228720078C695 /* Release */,
			);
			defaultConfigurationIsVisible = 0;
			defaultConfigurationName = Release;
		};
		379A6FAE1A8228720078C695 /* Build configuration list for PBXNativeTarget "slider" */ = {
			isa = XCConfigurationList;
			buildConfigurations = (
				379A6FAF1A8228720078C695 /* Debug */,
				379A6FB01A8228720078C695 /* Release */,
			);
			defaultConfigurationIsVisible = 0;
		};
		379A6FB11A8228720078C695 /* Build configuration list for PBXNativeTarget "sliderTests" */ = {
			isa = XCConfigurationList;
			buildConfigurations = (
				379A6FB21A8228720078C695 /* Debug */,
				379A6FB31A8228720078C695 /* Release */,
			);
			defaultConfigurationIsVisible = 0;
		};
/* End XCConfigurationList section */
	};
	rootObject = 379A6F741A8228720078C695 /* Project object */;
}
